<?xml version="1.0" encoding="utf-8"?>
<Project ToolsVersion="4.0" xmlns="http://schemas.microsoft.com/developer/msbuild/2003">
  <ItemGroup>
    <Filter Include="Source Files">
      <UniqueIdentifier>{4FC737F1-C7A5-4376-A066-2A32D752A2FF}</UniqueIdentifier>
      <Extensions>cpp;c;cc;cxx;c++;cppm;ixx;def;odl;idl;hpj;bat;asm;asmx</Extensions>
    </Filter>
    <Filter Include="Header Files">
      <UniqueIdentifier>{93995380-89BD-4b04-88EB-625FBE52EBFB}</UniqueIdentifier>
      <Extensions>h;hh;hpp;hxx;h++;hm;inl;inc;ipp;xsd</Extensions>
    </Filter>
    <Filter Include="Resource Files">
      <UniqueIdentifier>{67DA6AB6-F800-4c08-8B7A-83BB121AAD01}</UniqueIdentifier>
      <Extensions>rc;ico;cur;bmp;dlg;rc2;rct;bin;rgs;gif;jpg;jpeg;jpe;resx;tiff;tif;png;wav;mfcribbon-ms</Extensions>
    </Filter>
    <Filter Include="Header Files\Types">
      <UniqueIdentifier>{5cbd387a-658d-4358-9cc2-dd86db36ea1e}</UniqueIdentifier>
    </Filter>
    <Filter Include="Source Files\Types">
      <UniqueIdentifier>{d49b9910-c886-4963-a2c7-c10419faa7c9}</UniqueIdentifier>
    </Filter>
    <Filter Include="Source Files\Controller">
      <UniqueIdentifier>{83ff3d8b-55a4-4848-977b-b188e04ca1af}</UniqueIdentifier>
    </Filter>
    <Filter Include="Header Files\Controller">
      <UniqueIdentifier>{f59ede95-47e8-4702-a76e-4cf1e8929df6}</UniqueIdentifier>
    </Filter>
    <Filter Include="Header Files\Global">
      <UniqueIdentifier>{ac9e66f0-5908-4e3b-a566-84c5fa84e06b}</UniqueIdentifier>
    </Filter>
    <Filter Include="Source Files\Global">
      <UniqueIdentifier>{c4b921d2-dfac-455c-83d6-c0ce2c90d7b7}</UniqueIdentifier>
    </Filter>
    <Filter Include="Header Files\Particles">
      <UniqueIdentifier>{1cb53e42-be74-4469-9029-49d12fa0ef20}</UniqueIdentifier>
    </Filter>
  </ItemGroup>
  <ItemGroup>
    <ClCompile Include="main.cpp">
      <Filter>Source Files</Filter>
    </ClCompile>
    <ClCompile Include="player.cpp">
      <Filter>Source Files</Filter>
    </ClCompile>
    <ClCompile Include="enemy.cpp">
      <Filter>Source Files</Filter>
    </ClCompile>
    <ClCompile Include="bullet.cpp">
      <Filter>Source Files</Filter>
    </ClCompile>
    <ClCompile Include="gui.cpp">
      <Filter>Source Files</Filter>
    </ClCompile>
    <ClCompile Include="background.cpp">
      <Filter>Source Files</Filter>
    </ClCompile>
    <ClCompile Include="beat_controller.cpp">
      <Filter>Source Files\Controller</Filter>
    </ClCompile>
    <ClCompile Include="game_controller.cpp">
      <Filter>Source Files\Controller</Filter>
    </ClCompile>
    <ClCompile Include="sprite.cpp">
      <Filter>Source Files\Types</Filter>
    </ClCompile>
    <ClCompile Include="object.cpp">
      <Filter>Source Files\Types</Filter>
    </ClCompile>
    <ClCompile Include="helper.cpp">
      <Filter>Source Files\Global</Filter>
    </ClCompile>
    <ClCompile Include="global.cpp">
      <Filter>Source Files\Global</Filter>
    </ClCompile>
    <ClCompile Include="input.cpp">
      <Filter>Source Files\Global</Filter>
    </ClCompile>
    <ClCompile Include="sound.cpp">
      <Filter>Source Files\Types</Filter>
    </ClCompile>
    <ClCompile Include="after_image.cpp">
      <Filter>Source Files\Global</Filter>
    </ClCompile>
    <ClCompile Include="shadow.cpp">
      <Filter>Source Files</Filter>
    </ClCompile>
    <ClCompile Include="score_popup.cpp">
      <Filter>Source Files</Filter>
    </ClCompile>
    <ClCompile Include="star_generator.cpp">
      <Filter>Source Files\Controller</Filter>
    </ClCompile>
  </ItemGroup>
  <ItemGroup>
    <ClInclude Include="background.h">
      <Filter>Header Files</Filter>
    </ClInclude>
    <ClInclude Include="sprite.h">
      <Filter>Header Files\Types</Filter>
    </ClInclude>
    <ClInclude Include="object.h">
      <Filter>Header Files\Types</Filter>
    </ClInclude>
    <ClInclude Include="helper.h">
      <Filter>Header Files\Global</Filter>
    </ClInclude>
    <ClInclude Include="global.h">
      <Filter>Header Files\Global</Filter>
    </ClInclude>
    <ClInclude Include="beat_controller.h">
      <Filter>Header Files\Controller</Filter>
    </ClInclude>
    <ClInclude Include="player.h">
      <Filter>Header Files</Filter>
    </ClInclude>
    <ClInclude Include="bullet.h">
      <Filter>Header Files</Filter>
    </ClInclude>
    <ClInclude Include="gui.h">
      <Filter>Header Files</Filter>
    </ClInclude>
    <ClInclude Include="enemy.h">
      <Filter>Header Files</Filter>
    </ClInclude>
    <ClInclude Include="game_controller.h">
      <Filter>Header Files\Controller</Filter>
    </ClInclude>
    <ClInclude Include="input.h">
      <Filter>Header Files\Global</Filter>
    </ClInclude>
    <ClInclude Include="sound.h">
      <Filter>Header Files\Types</Filter>
    </ClInclude>
    <ClInclude Include="after_image.h">
      <Filter>Header Files\Global</Filter>
    </ClInclude>
    <ClInclude Include="shadow.h">
      <Filter>Header Files</Filter>
    </ClInclude>
    <ClInclude Include="death_particle.h">
      <Filter>Header Files\Global</Filter>
    </ClInclude>
    <ClInclude Include="score_popup.h">
      <Filter>Header Files</Filter>
    </ClInclude>
    <ClInclude Include="star_generator.h">
      <Filter>Header Files\Controller</Filter>
    </ClInclude>
    <ClInclude Include="resource.h">
      <Filter>Header Files\Global</Filter>
    </ClInclude>
  </ItemGroup>
  <ItemGroup>
    <ResourceCompile Include="Twilight_Tempo.rc">
      <Filter>Resource Files</Filter>
    </ResourceCompile>
  </ItemGroup>
  <ItemGroup>
    <Image Include="sprites\icon.png">
      <Filter>Resource Files</Filter>
    </Image>
  </ItemGroup>
</Project>